// !$*UTF8*$!
{
	archiveVersion = 1;
	classes = {
	};
	objectVersion = 77;
	objects = {

/* Begin PBXContainerItemProxy section */
		F4BD1B882E777F3000A69FE7 /* PBXContainerItemProxy */ = {
			isa = PBXContainerItemProxy;
			containerPortal = F4BD1B652E777F2E00A69FE7 /* Project object */;
			proxyType = 1;
			remoteGlobalIDString = F4BD1B6C2E777F2E00A69FE7;
			remoteInfo = UserAlbums;
		};
		F4BD1B922E777F3000A69FE7 /* PBXContainerItemProxy */ = {
			isa = PBXContainerItemProxy;
			containerPortal = F4BD1B652E777F2E00A69FE7 /* Project object */;
			proxyType = 1;
			remoteGlobalIDString = F4BD1B6C2E777F2E00A69FE7;
			remoteInfo = UserAlbums;
		};
/* End PBXContainerItemProxy section */

/* Begin PBXFileReference section */
		F4BD1B6D2E777F2E00A69FE7 /* UserAlbums.app */ = {isa = PBXFileReference; explicitFileType = wrapper.application; includeInIndex = 0; path = UserAlbums.app; sourceTree = BUILT_PRODUCTS_DIR; };
		F4BD1B872E777F3000A69FE7 /* UserAlbumsTests.xctest */ = {isa = PBXFileReference; explicitFileType = wrapper.cfbundle; includeInIndex = 0; path = UserAlbumsTests.xctest; sourceTree = BUILT_PRODUCTS_DIR; };
		F4BD1B912E777F3000A69FE7 /* UserAlbumsUITests.xctest */ = {isa = PBXFileReference; explicitFileType = wrapper.cfbundle; includeInIndex = 0; path = UserAlbumsUITests.xctest; sourceTree = BUILT_PRODUCTS_DIR; };
/* End PBXFileReference section */

/* Begin PBXFileSystemSynchronizedBuildFileExceptionSet section */
		F4BD1B992E777F3000A69FE7 /* Exceptions for "UserAlbums" folder in "UserAlbums" target */ = {
			isa = PBXFileSystemSynchronizedBuildFileExceptionSet;
			membershipExceptions = (
				Info.plist,
			);
			target = F4BD1B6C2E777F2E00A69FE7 /* UserAlbums */;
		};
/* End PBXFileSystemSynchronizedBuildFileExceptionSet section */

/* Begin PBXFileSystemSynchronizedRootGroup section */
		F4BD1B6F2E777F2E00A69FE7 /* UserAlbums */ = {
			isa = PBXFileSystemSynchronizedRootGroup;
			exceptions = (
				F4BD1B992E777F3000A69FE7 /* Exceptions for "UserAlbums" folder in "UserAlbums" target */,
			);
			path = UserAlbums;
			sourceTree = "<group>";
		};
		F4BD1B8A2E777F3000A69FE7 /* UserAlbumsTests */ = {
			isa = PBXFileSystemSynchronizedRootGroup;
			path = UserAlbumsTests;
			sourceTree = "<group>";
		};
		F4BD1B942E777F3000A69FE7 /* UserAlbumsUITests */ = {
			isa = PBXFileSystemSynchronizedRootGroup;
			path = UserAlbumsUITests;
			sourceTree = "<group>";
		};
/* End PBXFileSystemSynchronizedRootGroup section */

/* Begin PBXFrameworksBuildPhase section */
		F4BD1B6A2E777F2E00A69FE7 /* Frameworks */ = {
			isa = PBXFrameworksBuildPhase;
			buildActionMask = 2147483647;
			files = (
			);
			runOnlyForDeploymentPostprocessing = 0;
		};
		F4BD1B842E777F3000A69FE7 /* Frameworks */ = {
			isa = PBXFrameworksBuildPhase;
			buildActionMask = 2147483647;
			files = (
			);
			runOnlyForDeploymentPostprocessing = 0;
		};
		F4BD1B8E2E777F3000A69FE7 /* Frameworks */ = {
			isa = PBXFrameworksBuildPhase;
			buildActionMask = 2147483647;
			files = (
			);
			runOnlyForDeploymentPostprocessing = 0;
		};
/* End PBXFrameworksBuildPhase section */

/* Begin PBXGroup section */
		F4BD1B642E777F2E00A69FE7 = {
			isa = PBXGroup;
			children = (
				F4BD1B6F2E777F2E00A69FE7 /* UserAlbums */,
				F4BD1B8A2E777F3000A69FE7 /* UserAlbumsTests */,
				F4BD1B942E777F3000A69FE7 /* UserAlbumsUITests */,
				F4BD1B6E2E777F2E00A69FE7 /* Products */,
			);
			sourceTree = "<group>";
		};
		F4BD1B6E2E777F2E00A69FE7 /* Products */ = {
			isa = PBXGroup;
			children = (
				F4BD1B6D2E777F2E00A69FE7 /* UserAlbums.app */,
				F4BD1B872E777F3000A69FE7 /* UserAlbumsTests.xctest */,
				F4BD1B912E777F3000A69FE7 /* UserAlbumsUITests.xctest */,
			);
			name = Products;
			sourceTree = "<group>";
		};
/* End PBXGroup section */

/* Begin PBXNativeTarget section */
		F4BD1B6C2E777F2E00A69FE7 /* UserAlbums */ = {
			isa = PBXNativeTarget;
			buildConfigurationList = F4BD1B9A2E777F3000A69FE7 /* Build configuration list for PBXNativeTarget "UserAlbums" */;
			buildPhases = (
				F4BD1B692E777F2E00A69FE7 /* Sources */,
				F4BD1B6A2E777F2E00A69FE7 /* Frameworks */,
				F4BD1B6B2E777F2E00A69FE7 /* Resources */,
			);
			buildRules = (
			);
			dependencies = (
			);
			fileSystemSynchronizedGroups = (
				F4BD1B6F2E777F2E00A69FE7 /* UserAlbums */,
			);
			name = UserAlbums;
			packageProductDependencies = (
			);
			productName = UserAlbums;
			productReference = F4BD1B6D2E777F2E00A69FE7 /* UserAlbums.app */;
			productType = "com.apple.product-type.application";
		};
		F4BD1B862E777F3000A69FE7 /* UserAlbumsTests */ = {
			isa = PBXNativeTarget;
			buildConfigurationList = F4BD1B9F2E777F3000A69FE7 /* Build configuration list for PBXNativeTarget "UserAlbumsTests" */;
			buildPhases = (
				F4BD1B832E777F3000A69FE7 /* Sources */,
				F4BD1B842E777F3000A69FE7 /* Frameworks */,
				F4BD1B852E777F3000A69FE7 /* Resources */,
			);
			buildRules = (
			);
			dependencies = (
				F4BD1B892E777F3000A69FE7 /* PBXTargetDependency */,
			);
			fileSystemSynchronizedGroups = (
				F4BD1B8A2E777F3000A69FE7 /* UserAlbumsTests */,
			);
			name = UserAlbumsTests;
			packageProductDependencies = (
			);
			productName = UserAlbumsTests;
			productReference = F4BD1B872E777F3000A69FE7 /* UserAlbumsTests.xctest */;
			productType = "com.apple.product-type.bundle.unit-test";
		};
		F4BD1B902E777F3000A69FE7 /* UserAlbumsUITests */ = {
			isa = PBXNativeTarget;
			buildConfigurationList = F4BD1BA22E777F3000A69FE7 /* Build configuration list for PBXNativeTarget "UserAlbumsUITests" */;
			buildPhases = (
				F4BD1B8D2E777F3000A69FE7 /* Sources */,
				F4BD1B8E2E777F3000A69FE7 /* Frameworks */,
				F4BD1B8F2E777F3000A69FE7 /* Resources */,
			);
			buildRules = (
			);
			dependencies = (
				F4BD1B932E777F3000A69FE7 /* PBXTargetDependency */,
			);
			fileSystemSynchronizedGroups = (
				F4BD1B942E777F3000A69FE7 /* UserAlbumsUITests */,
			);
			name = UserAlbumsUITests;
			packageProductDependencies = (
			);
			productName = UserAlbumsUITests;
			productReference = F4BD1B912E777F3000A69FE7 /* UserAlbumsUITests.xctest */;
			productType = "com.apple.product-type.bundle.ui-testing";
		};
/* End PBXNativeTarget section */

/* Begin PBXProject section */
		F4BD1B652E777F2E00A69FE7 /* Project object */ = {
			isa = PBXProject;
			attributes = {
				BuildIndependentTargetsInParallel = 1;
				LastSwiftUpdateCheck = 1610;
				LastUpgradeCheck = 1610;
				TargetAttributes = {
					F4BD1B6C2E777F2E00A69FE7 = {
						CreatedOnToolsVersion = 16.1;
					};
					F4BD1B862E777F3000A69FE7 = {
						CreatedOnToolsVersion = 16.1;
						TestTargetID = F4BD1B6C2E777F2E00A69FE7;
					};
					F4BD1B902E777F3000A69FE7 = {
						CreatedOnToolsVersion = 16.1;
						TestTargetID = F4BD1B6C2E777F2E00A69FE7;
					};
				};
			};
			buildConfigurationList = F4BD1B682E777F2E00A69FE7 /* Build configuration list for PBXProject "UserAlbums" */;
			developmentRegion = en;
			hasScannedForEncodings = 0;
			knownRegions = (
				en,
				Base,
			);
			mainGroup = F4BD1B642E777F2E00A69FE7;
			minimizedProjectReferenceProxies = 1;
			preferredProjectObjectVersion = 77;
			productRefGroup = F4BD1B6E2E777F2E00A69FE7 /* Products */;
			projectDirPath = "";
			projectRoot = "";
			targets = (
				F4BD1B6C2E777F2E00A69FE7 /* UserAlbums */,
				F4BD1B862E777F3000A69FE7 /* UserAlbumsTests */,
				F4BD1B902E777F3000A69FE7 /* UserAlbumsUITests */,
			);
		};
/* End PBXProject section */

/* Begin PBXResourcesBuildPhase section */
		F4BD1B6B2E777F2E00A69FE7 /* Resources */ = {
			isa = PBXResourcesBuildPhase;
			buildActionMask = 2147483647;
			files = (
			);
			runOnlyForDeploymentPostprocessing = 0;
		};
		F4BD1B852E777F3000A69FE7 /* Resources */ = {
			isa = PBXResourcesBuildPhase;
			buildActionMask = 2147483647;
			files = (
			);
			runOnlyForDeploymentPostprocessing = 0;
		};
		F4BD1B8F2E777F3000A69FE7 /* Resources */ = {
			isa = PBXResourcesBuildPhase;
			buildActionMask = 2147483647;
			files = (
			);
			runOnlyForDeploymentPostprocessing = 0;
		};
/* End PBXResourcesBuildPhase section */

/* Begin PBXSourcesBuildPhase section */
		F4BD1B692E777F2E00A69FE7 /* Sources */ = {
			isa = PBXSourcesBuildPhase;
			buildActionMask = 2147483647;
			files = (
			);
			runOnlyForDeploymentPostprocessing = 0;
		};
		F4BD1B832E777F3000A69FE7 /* Sources */ = {
			isa = PBXSourcesBuildPhase;
			buildActionMask = 2147483647;
			files = (
			);
			runOnlyForDeploymentPostprocessing = 0;
		};
		F4BD1B8D2E777F3000A69FE7 /* Sources */ = {
			isa = PBXSourcesBuildPhase;
			buildActionMask = 2147483647;
			files = (
			);
			runOnlyForDeploymentPostprocessing = 0;
		};
/* End PBXSourcesBuildPhase section */

/* Begin PBXTargetDependency section */
		F4BD1B892E777F3000A69FE7 /* PBXTargetDependency */ = {
			isa = PBXTargetDependency;
			target = F4BD1B6C2E777F2E00A69FE7 /* UserAlbums */;
			targetProxy = F4BD1B882E777F3000A69FE7 /* PBXContainerItemProxy */;
		};
		F4BD1B932E777F3000A69FE7 /* PBXTargetDependency */ = {
			isa = PBXTargetDependency;
			target = F4BD1B6C2E777F2E00A69FE7 /* UserAlbums */;
			targetProxy = F4BD1B922E777F3000A69FE7 /* PBXContainerItemProxy */;
		};
/* End PBXTargetDependency section */

/* Begin XCBuildConfiguration section */
		F4BD1B9B2E777F3000A69FE7 /* Debug */ = {
			isa = XCBuildConfiguration;
			buildSettings = {
				ASSETCATALOG_COMPILER_APPICON_NAME = AppIcon;
				ASSETCATALOG_COMPILER_GLOBAL_ACCENT_COLOR_NAME = AccentColor;
				CODE_SIGN_ENTITLEMENTS = UserAlbums/UserAlbums.entitlements;
				CODE_SIGN_STYLE = Automatic;
				CURRENT_PROJECT_VERSION = 1;
				GENERATE_INFOPLIST_FILE = YES;
				INFOPLIST_FILE = UserAlbums/Info.plist;
				INFOPLIST_KEY_UIApplicationSupportsIndirectInputEvents = YES;
				INFOPLIST_KEY_UILaunchStoryboardName = LaunchScreen;
				INFOPLIST_KEY_UIMainStoryboardFile = Main;
				INFOPLIST_KEY_UISupportedInterfaceOrientations_iPad = "UIInterfaceOrientationPortrait UIInterfaceOrientationPortraitUpsideDown UIInterfaceOrientationLandscapeLeft UIInterfaceOrientationLandscapeRight";
				INFOPLIST_KEY_UISupportedInterfaceOrientations_iPhone = "UIInterfaceOrientationPortrait UIInterfaceOrientationLandscapeLeft UIInterfaceOrientationLandscapeRight";
				LD_RUNPATH_SEARCH_PATHS = (
					"$(inherited)",
					"@executable_path/Frameworks",
				);
				MARKETING_VERSION = 1.0;
				PRODUCT_BUNDLE_IDENTIFIER = UA.UserAlbums;
				PRODUCT_NAME = "$(TARGET_NAME)";
				SWIFT_EMIT_LOC_STRINGS = YES;
				SWIFT_VERSION = 5.0;
				TARGETED_DEVICE_FAMILY = "1,2";
			};
			name = Debug;
		};
		F4BD1B9C2E777F3000A69FE7 /* Release */ = {
			isa = XCBuildConfiguration;
			buildSettings = {
				ASSETCATALOG_COMPILER_APPICON_NAME = AppIcon;
				ASSETCATALOG_COMPILER_GLOBAL_ACCENT_COLOR_NAME = AccentColor;
				CODE_SIGN_ENTITLEMENTS = UserAlbums/UserAlbums.entitlements;
				CODE_SIGN_STYLE = Automatic;
				CURRENT_PROJECT_VERSION = 1;
				GENERATE_INFOPLIST_FILE = YES;
				INFOPLIST_FILE = UserAlbums/Info.plist;
				INFOPLIST_KEY_UIApplicationSupportsIndirectInputEvents = YES;
				INFOPLIST_KEY_UILaunchStoryboardName = LaunchScreen;
				INFOPLIST_KEY_UIMainStoryboardFile = Main;
				INFOPLIST_KEY_UISupportedInterfaceOrientations_iPad = "UIInterfaceOrientationPortrait UIInterfaceOrientationPortraitUpsideDown UIInterfaceOrientationLandscapeLeft UIInterfaceOrientationLandscapeRight";
				INFOPLIST_KEY_UISupportedInterfaceOrientations_iPhone = "UIInterfaceOrientationPortrait UIInterfaceOrientationLandscapeLeft UIInterfaceOrientationLandscapeRight";
				LD_RUNPATH_SEARCH_PATHS = (
					"$(inherited)",
					"@executable_path/Frameworks",
				);
				MARKETING_VERSION = 1.0;
				PRODUCT_BUNDLE_IDENTIFIER = UA.UserAlbums;
				PRODUCT_NAME = "$(TARGET_NAME)";
				SWIFT_EMIT_LOC_STRINGS = YES;
				SWIFT_VERSION = 5.0;
				TARGETED_DEVICE_FAMILY = "1,2";
			};
			name = Release;
		};
		F4BD1B9D2E777F3000A69FE7 /* Debug */ = {
			isa = XCBuildConfiguration;
			buildSettings = {
				ALWAYS_SEARCH_USER_PATHS = NO;
				ASSETCATALOG_COMPILER_GENERATE_SWIFT_ASSET_SYMBOL_EXTENSIONS = YES;
				CLANG_ANALYZER_NONNULL = YES;
				CLANG_ANALYZER_NUMBER_OBJECT_CONVERSION = YES_AGGRESSIVE;
				CLANG_CXX_LANGUAGE_STANDARD = "gnu++20";
				CLANG_ENABLE_MODULES = YES;
				CLANG_ENABLE_OBJC_ARC = YES;
				CLANG_ENABLE_OBJC_WEAK = YES;
				CLANG_WARN_BLOCK_CAPTURE_AUTORELEASING = YES;
				CLANG_WARN_BOOL_CONVERSION = YES;
				CLANG_WARN_COMMA = YES;
				CLANG_WARN_CONSTANT_CONVERSION = YES;
				CLANG_WARN_DEPRECATED_OBJC_IMPLEMENTATIONS = YES;
				CLANG_WARN_DIRECT_OBJC_ISA_USAGE = YES_ERROR;
				CLANG_WARN_DOCUMENTATION_COMMENTS = YES;
				CLANG_WARN_EMPTY_BODY = YES;
				CLANG_WARN_ENUM_CONVERSION = YES;
				CLANG_WARN_INFINITE_RECURSION = YES;
				CLANG_WARN_INT_CONVERSION = YES;
				CLANG_WARN_NON_LITERAL_NULL_CONVERSION = YES;
				CLANG_WARN_OBJC_IMPLICIT_RETAIN_SELF = YES;
				CLANG_WARN_OBJC_LITERAL_CONVERSION = YES;
				CLANG_WARN_OBJC_ROOT_CLASS = YES_ERROR;
				CLANG_WARN_QUOTED_INCLUDE_IN_FRAMEWORK_HEADER = YES;
				CLANG_WARN_RANGE_LOOP_ANALYSIS = YES;
				CLANG_WARN_STRICT_PROTOTYPES = YES;
				CLANG_WARN_SUSPICIOUS_MOVE = YES;
				CLANG_WARN_UNGUARDED_AVAILABILITY = YES_AGGRESSIVE;
				CLANG_WARN_UNREACHABLE_CODE = YES;
				CLANG_WARN__DUPLICATE_METHOD_MATCH = YES;
				COPY_PHASE_STRIP = NO;
				DEBUG_INFORMATION_FORMAT = dwarf;
				ENABLE_STRICT_OBJC_MSGSEND = YES;
				ENABLE_TESTABILITY = YES;
				ENABLE_USER_SCRIPT_SANDBOXING = YES;
				GCC_C_LANGUAGE_STANDARD = gnu17;
				GCC_DYNAMIC_NO_PIC = NO;
				GCC_NO_COMMON_BLOCKS = YES;
				GCC_OPTIMIZATION_LEVEL = 0;
				GCC_PREPROCESSOR_DEFINITIONS = (
					"DEBUG=1",
					"$(inherited)",
				);
				GCC_WARN_64_TO_32_BIT_CONVERSION = YES;
				GCC_WARN_ABOUT_RETURN_TYPE = YES_ERROR;
				GCC_WARN_UNDECLARED_SELECTOR = YES;
				GCC_WARN_UNINITIALIZED_AUTOS = YES_AGGRESSIVE;
				GCC_WARN_UNUSED_FUNCTION = YES;
				GCC_WARN_UNUSED_VARIABLE = YES;
				IPHONEOS_DEPLOYMENT_TARGET = 18.1;
				LOCALIZATION_PREFERS_STRING_CATALOGS = YES;
				MTL_ENABLE_DEBUG_INFO = INCLUDE_SOURCE;
				MTL_FAST_MATH = YES;
				ONLY_ACTIVE_ARCH = YES;
				SDKROOT = iphoneos;
				SWIFT_ACTIVE_COMPILATION_CONDITIONS = "DEBUG $(inherited)";
				SWIFT_OPTIMIZATION_LEVEL = "-Onone";
			};
			name = Debug;
		};
		F4BD1B9E2E777F3000A69FE7 /* Release */ = {
			isa = XCBuildConfiguration;
			buildSettings = {
				ALWAYS_SEARCH_USER_PATHS = NO;
				ASSETCATALOG_COMPILER_GENERATE_SWIFT_ASSET_SYMBOL_EXTENSIONS = YES;
				CLANG_ANALYZER_NONNULL = YES;
				CLANG_ANALYZER_NUMBER_OBJECT_CONVERSION = YES_AGGRESSIVE;
				CLANG_CXX_LANGUAGE_STANDARD = "gnu++20";
				CLANG_ENABLE_MODULES = YES;
				CLANG_ENABLE_OBJC_ARC = YES;
				CLANG_ENABLE_OBJC_WEAK = YES;
				CLANG_WARN_BLOCK_CAPTURE_AUTORELEASING = YES;
				CLANG_WARN_BOOL_CONVERSION = YES;
				CLANG_WARN_COMMA = YES;
				CLANG_WARN_CONSTANT_CONVERSION = YES;
				CLANG_WARN_DEPRECATED_OBJC_IMPLEMENTATIONS = YES;
				CLANG_WARN_DIRECT_OBJC_ISA_USAGE = YES_ERROR;
				CLANG_WARN_DOCUMENTATION_COMMENTS = YES;
				CLANG_WARN_EMPTY_BODY = YES;
				CLANG_WARN_ENUM_CONVERSION = YES;
				CLANG_WARN_INFINITE_RECURSION = YES;
				CLANG_WARN_INT_CONVERSION = YES;
				CLANG_WARN_NON_LITERAL_NULL_CONVERSION = YES;
				CLANG_WARN_OBJC_IMPLICIT_RETAIN_SELF = YES;
				CLANG_WARN_OBJC_LITERAL_CONVERSION = YES;
				CLANG_WARN_OBJC_ROOT_CLASS = YES_ERROR;
				CLANG_WARN_QUOTED_INCLUDE_IN_FRAMEWORK_HEADER = YES;
				CLANG_WARN_RANGE_LOOP_ANALYSIS = YES;
				CLANG_WARN_STRICT_PROTOTYPES = YES;
				CLANG_WARN_SUSPICIOUS_MOVE = YES;
				CLANG_WARN_UNGUARDED_AVAILABILITY = YES_AGGRESSIVE;
				CLANG_WARN_UNREACHABLE_CODE = YES;
				CLANG_WARN__DUPLICATE_METHOD_MATCH = YES;
				COPY_PHASE_STRIP = NO;
				DEBUG_INFORMATION_FORMAT = "dwarf-with-dsym";
				ENABLE_NS_ASSERTIONS = NO;
				ENABLE_STRICT_OBJC_MSGSEND = YES;
				ENABLE_USER_SCRIPT_SANDBOXING = YES;
				GCC_C_LANGUAGE_STANDARD = gnu17;
				GCC_NO_COMMON_BLOCKS = YES;
				GCC_WARN_64_TO_32_BIT_CONVERSION = YES;
				GCC_WARN_ABOUT_RETURN_TYPE = YES_ERROR;
				GCC_WARN_UNDECLARED_SELECTOR = YES;
				GCC_WARN_UNINITIALIZED_AUTOS = YES_AGGRESSIVE;
				GCC_WARN_UNUSED_FUNCTION = YES;
				GCC_WARN_UNUSED_VARIABLE = YES;
				IPHONEOS_DEPLOYMENT_TARGET = 18.1;
				LOCALIZATION_PREFERS_STRING_CATALOGS = YES;
				MTL_ENABLE_DEBUG_INFO = NO;
				MTL_FAST_MATH = YES;
				SDKROOT = iphoneos;
				SWIFT_COMPILATION_MODE = wholemodule;
				VALIDATE_PRODUCT = YES;
			};
			name = Release;
		};
		F4BD1BA02E777F3000A69FE7 /* Debug */ = {
			isa = XCBuildConfiguration;
			buildSettings = {
				BUNDLE_LOADER = "$(TEST_HOST)";
				CODE_SIGN_STYLE = Automatic;
				CURRENT_PROJECT_VERSION = 1;
				GENERATE_INFOPLIST_FILE = YES;
				IPHONEOS_DEPLOYMENT_TARGET = 18.1;
				MARKETING_VERSION = 1.0;
				PRODUCT_BUNDLE_IDENTIFIER = UA.UserAlbumsTests;
				PRODUCT_NAME = "$(TARGET_NAME)";
				SWIFT_EMIT_LOC_STRINGS = NO;
				SWIFT_VERSION = 5.0;
				TARGETED_DEVICE_FAMILY = "1,2";
				TEST_HOST = "$(BUILT_PRODUCTS_DIR)/UserAlbums.app/$(BUNDLE_EXECUTABLE_FOLDER_PATH)/UserAlbums";
			};
			name = Debug;
		};
		F4BD1BA12E777F3000A69FE7 /* Release */ = {
			isa = XCBuildConfiguration;
			buildSettings = {
				BUNDLE_LOADER = "$(TEST_HOST)";
				CODE_SIGN_STYLE = Automatic;
				CURRENT_PROJECT_VERSION = 1;
				GENERATE_INFOPLIST_FILE = YES;
				IPHONEOS_DEPLOYMENT_TARGET = 18.1;
				MARKETING_VERSION = 1.0;
				PRODUCT_BUNDLE_IDENTIFIER = UA.UserAlbumsTests;
				PRODUCT_NAME = "$(TARGET_NAME)";
				SWIFT_EMIT_LOC_STRINGS = NO;
				SWIFT_VERSION = 5.0;
				TARGETED_DEVICE_FAMILY = "1,2";
				TEST_HOST = "$(BUILT_PRODUCTS_DIR)/UserAlbums.app/$(BUNDLE_EXECUTABLE_FOLDER_PATH)/UserAlbums";
			};
			name = Release;
		};
		F4BD1BA32E777F3000A69FE7 /* Debug */ = {
			isa = XCBuildConfiguration;
			buildSettings = {
				CODE_SIGN_STYLE = Automatic;
				CURRENT_PROJECT_VERSION = 1;
				GENERATE_INFOPLIST_FILE = YES;
				MARKETING_VERSION = 1.0;
				PRODUCT_BUNDLE_IDENTIFIER = UA.UserAlbumsUITests;
				PRODUCT_NAME = "$(TARGET_NAME)";
				SWIFT_EMIT_LOC_STRINGS = NO;
				SWIFT_VERSION = 5.0;
				TARGETED_DEVICE_FAMILY = "1,2";
				TEST_TARGET_NAME = UserAlbums;
			};
			name = Debug;
		};
		F4BD1BA42E777F3000A69FE7 /* Release */ = {
			isa = XCBuildConfiguration;
			buildSettings = {
				CODE_SIGN_STYLE = Automatic;
				CURRENT_PROJECT_VERSION = 1;
				GENERATE_INFOPLIST_FILE = YES;
				MARKETING_VERSION = 1.0;
				PRODUCT_BUNDLE_IDENTIFIER = UA.UserAlbumsUITests;
				PRODUCT_NAME = "$(TARGET_NAME)";
				SWIFT_EMIT_LOC_STRINGS = NO;
				SWIFT_VERSION = 5.0;
				TARGETED_DEVICE_FAMILY = "1,2";
				TEST_TARGET_NAME = UserAlbums;
			};
			name = Release;
		};
/* End XCBuildConfiguration section */

/* Begin XCConfigurationList section */
		F4BD1B682E777F2E00A69FE7 /* Build configuration list for PBXProject "UserAlbums" */ = {
			isa = XCConfigurationList;
			buildConfigurations = (
				F4BD1B9D2E777F3000A69FE7 /* Debug */,
				F4BD1B9E2E777F3000A69FE7 /* Release */,
			);
			defaultConfigurationIsVisible = 0;
			defaultConfigurationName = Release;
		};
		F4BD1B9A2E777F3000A69FE7 /* Build configuration list for PBXNativeTarget "UserAlbums" */ = {
			isa = XCConfigurationList;
			buildConfigurations = (
				F4BD1B9B2E777F3000A69FE7 /* Debug */,
				F4BD1B9C2E777F3000A69FE7 /* Release */,
			);
			defaultConfigurationIsVisible = 0;
			defaultConfigurationName = Release;
		};
		F4BD1B9F2E777F3000A69FE7 /* Build configuration list for PBXNativeTarget "UserAlbumsTests" */ = {
			isa = XCConfigurationList;
			buildConfigurations = (
				F4BD1BA02E777F3000A69FE7 /* Debug */,
				F4BD1BA12E777F3000A69FE7 /* Release */,
			);
			defaultConfigurationIsVisible = 0;
			defaultConfigurationName = Release;
		};
		F4BD1BA22E777F3000A69FE7 /* Build configuration list for PBXNativeTarget "UserAlbumsUITests" */ = {
			isa = XCConfigurationList;
			buildConfigurations = (
				F4BD1BA32E777F3000A69FE7 /* Debug */,
				F4BD1BA42E777F3000A69FE7 /* Release */,
			);
			defaultConfigurationIsVisible = 0;
			defaultConfigurationName = Release;
		};
/* End XCConfigurationList section */
	};
	rootObject = F4BD1B652E777F2E00A69FE7 /* Project object */;
}
